
Microsoft Visual Studio Solution File, Format Version 12.00
# Visual Studio Version 16
VisualStudioVersion = 16.0.30804.86
MinimumVisualStudioVersion = 10.0.40219.1
Project("{FAE04EC0-301F-11D3-BF4B-00C04F79EFBC}") = "OnlineMonitor", "OnlineMonitor.csproj", "{5B55A930-E8F3-4A8C-9709-EB9BD9920248}"
EndProject
Global
	GlobalSection(SolutionConfigurationPlatforms) = preSolution
		Debug|Any CPU = Debug|Any CPU
		Release|Any CPU = Release|Any CPU
	EndGlobalSection
	GlobalSection(ProjectConfigurationPlatforms) = postSolution
		{5B55A930-E8F3-4A8C-9709-EB9BD9920248}.Debug|Any CPU.ActiveCfg = Debug|Any CPU
		{5B55A930-E8F3-4A8C-9709-EB9BD9920248}.Debug|Any CPU.Build.0 = Debug|Any CPU
		{5B55A930-E8F3-4A8C-9709-EB9BD9920248}.Release|Any CPU.ActiveCfg = Release|Any CPU
		{5B55A930-E8F3-4A8C-9709-EB9BD9920248}.Release|Any CPU.Build.0 = Release|Any CPU
	EndGlobalSection
	GlobalSection(SolutionProperties) = preSolution
		HideSolutionNode = FALSE
	EndGlobalSection
	GlobalSection(ExtensibilityGlobals) = postSolution
		SolutionGuid = {60BAF3DF-77F4-41CF-9351-BCABA8E9480F}
	EndGlobalSection
EndGlobal
